
Microsoft Visual Studio Solution File, Format Version 12.00
# Visual Studio 15
VisualStudioVersion = 15.0.26430.6
MinimumVisualStudioVersion = 10.0.40219.1
Project("{FAE04EC0-301F-11D3-BF4B-00C04F79EFBC}") = "RedisLib", "RedisLib\RedisLib.csproj", "{1165D6CA-CEBD-437E-817F-6FF7F551C565}"
EndProject
Project("{FAE04EC0-301F-11D3-BF4B-00C04F79EFBC}") = "RedisLib.UT", "RedisLib.UT\RedisLib.UT.csproj", "{8EDF4429-251A-416D-BB68-93F227191BCF}"
EndProject
Project("{FAE04EC0-301F-11D3-BF4B-00C04F79EFBC}") = "RedisLib.IT", "RedisLib.IT\RedisLib.IT.csproj", "{B325BAA0-252B-497C-A14B-595629DC00F1}"
EndProject
Project("{2150E333-8FDC-42A3-9474-1A3956D46DE8}") = "CoreLib", "CoreLib", "{9E17AD81-7847-4203-87D9-EA6085CB1947}"
EndProject
Project("{2150E333-8FDC-42A3-9474-1A3956D46DE8}") = "Tests", "Tests", "{7174066C-9FD4-49A2-A3AF-2FA7ECD5B569}"
EndProject
Project("{2150E333-8FDC-42A3-9474-1A3956D46DE8}") = "Practice", "Practice", "{A21CFE4E-0CD5-4FAC-BCE3-CB23711DB86F}"
EndProject
Project("{FAE04EC0-301F-11D3-BF4B-00C04F79EFBC}") = "SenderForm", "SenderForm\SenderForm.csproj", "{CE8B4886-DE46-4E2E-A145-612EE215AF14}"
EndProject
Project("{FAE04EC0-301F-11D3-BF4B-00C04F79EFBC}") = "ReceiverForm", "ReceiverForm\ReceiverForm.csproj", "{9DBA891B-D717-48D8-B621-9D0D22A44C19}"
EndProject
Global
	GlobalSection(SolutionConfigurationPlatforms) = preSolution
		Debug|Any CPU = Debug|Any CPU
		Release|Any CPU = Release|Any CPU
	EndGlobalSection
	GlobalSection(ProjectConfigurationPlatforms) = postSolution
		{1165D6CA-CEBD-437E-817F-6FF7F551C565}.Debug|Any CPU.ActiveCfg = Debug|Any CPU
		{1165D6CA-CEBD-437E-817F-6FF7F551C565}.Debug|Any CPU.Build.0 = Debug|Any CPU
		{1165D6CA-CEBD-437E-817F-6FF7F551C565}.Release|Any CPU.ActiveCfg = Release|Any CPU
		{1165D6CA-CEBD-437E-817F-6FF7F551C565}.Release|Any CPU.Build.0 = Release|Any CPU
		{8EDF4429-251A-416D-BB68-93F227191BCF}.Debug|Any CPU.ActiveCfg = Debug|Any CPU
		{8EDF4429-251A-416D-BB68-93F227191BCF}.Debug|Any CPU.Build.0 = Debug|Any CPU
		{8EDF4429-251A-416D-BB68-93F227191BCF}.Release|Any CPU.ActiveCfg = Release|Any CPU
		{8EDF4429-251A-416D-BB68-93F227191BCF}.Release|Any CPU.Build.0 = Release|Any CPU
		{B325BAA0-252B-497C-A14B-595629DC00F1}.Debug|Any CPU.ActiveCfg = Debug|Any CPU
		{B325BAA0-252B-497C-A14B-595629DC00F1}.Debug|Any CPU.Build.0 = Debug|Any CPU
		{B325BAA0-252B-497C-A14B-595629DC00F1}.Release|Any CPU.ActiveCfg = Release|Any CPU
		{B325BAA0-252B-497C-A14B-595629DC00F1}.Release|Any CPU.Build.0 = Release|Any CPU
		{CE8B4886-DE46-4E2E-A145-612EE215AF14}.Debug|Any CPU.ActiveCfg = Debug|Any CPU
		{CE8B4886-DE46-4E2E-A145-612EE215AF14}.Debug|Any CPU.Build.0 = Debug|Any CPU
		{CE8B4886-DE46-4E2E-A145-612EE215AF14}.Release|Any CPU.ActiveCfg = Release|Any CPU
		{CE8B4886-DE46-4E2E-A145-612EE215AF14}.Release|Any CPU.Build.0 = Release|Any CPU
		{9DBA891B-D717-48D8-B621-9D0D22A44C19}.Debug|Any CPU.ActiveCfg = Debug|Any CPU
		{9DBA891B-D717-48D8-B621-9D0D22A44C19}.Debug|Any CPU.Build.0 = Debug|Any CPU
		{9DBA891B-D717-48D8-B621-9D0D22A44C19}.Release|Any CPU.ActiveCfg = Release|Any CPU
		{9DBA891B-D717-48D8-B621-9D0D22A44C19}.Release|Any CPU.Build.0 = Release|Any CPU
	EndGlobalSection
	GlobalSection(SolutionProperties) = preSolution
		HideSolutionNode = FALSE
	EndGlobalSection
	GlobalSection(NestedProjects) = preSolution
		{1165D6CA-CEBD-437E-817F-6FF7F551C565} = {9E17AD81-7847-4203-87D9-EA6085CB1947}
		{8EDF4429-251A-416D-BB68-93F227191BCF} = {7174066C-9FD4-49A2-A3AF-2FA7ECD5B569}
		{B325BAA0-252B-497C-A14B-595629DC00F1} = {7174066C-9FD4-49A2-A3AF-2FA7ECD5B569}
		{CE8B4886-DE46-4E2E-A145-612EE215AF14} = {A21CFE4E-0CD5-4FAC-BCE3-CB23711DB86F}
		{9DBA891B-D717-48D8-B621-9D0D22A44C19} = {A21CFE4E-0CD5-4FAC-BCE3-CB23711DB86F}
	EndGlobalSection
EndGlobal
