
Microsoft Visual Studio Solution File, Format Version 12.00
# Visual Studio 15
VisualStudioVersion = 15.0.26403.3
MinimumVisualStudioVersion = 10.0.40219.1
Project("{FAE04EC0-301F-11D3-BF4B-00C04F79EFBC}") = "RedisLib", "RedisLib\RedisLib.csproj", "{1165D6CA-CEBD-437E-817F-6FF7F551C565}"
EndProject
Project("{FAE04EC0-301F-11D3-BF4B-00C04F79EFBC}") = "Redis.Sender", "Redis.Sender\Redis.Sender.csproj", "{9E80A30A-62BE-4FAE-99BE-D714E8CE7BF8}"
EndProject
Project("{FAE04EC0-301F-11D3-BF4B-00C04F79EFBC}") = "Redis.Receiver", "Redis.Receiver\Redis.Receiver.csproj", "{5383A982-160C-4D41-96E2-039A2EBB5D36}"
EndProject
Project("{FAE04EC0-301F-11D3-BF4B-00C04F79EFBC}") = "Redis.Models", "Redis.Models\Redis.Models.csproj", "{E7553E42-100D-4391-8EB0-6A414EB56A4F}"
EndProject
Global
	GlobalSection(SolutionConfigurationPlatforms) = preSolution
		Debug|Any CPU = Debug|Any CPU
		Release|Any CPU = Release|Any CPU
	EndGlobalSection
	GlobalSection(ProjectConfigurationPlatforms) = postSolution
		{1165D6CA-CEBD-437E-817F-6FF7F551C565}.Debug|Any CPU.ActiveCfg = Debug|Any CPU
		{1165D6CA-CEBD-437E-817F-6FF7F551C565}.Debug|Any CPU.Build.0 = Debug|Any CPU
		{1165D6CA-CEBD-437E-817F-6FF7F551C565}.Release|Any CPU.ActiveCfg = Release|Any CPU
		{1165D6CA-CEBD-437E-817F-6FF7F551C565}.Release|Any CPU.Build.0 = Release|Any CPU
		{9E80A30A-62BE-4FAE-99BE-D714E8CE7BF8}.Debug|Any CPU.ActiveCfg = Debug|Any CPU
		{9E80A30A-62BE-4FAE-99BE-D714E8CE7BF8}.Debug|Any CPU.Build.0 = Debug|Any CPU
		{9E80A30A-62BE-4FAE-99BE-D714E8CE7BF8}.Release|Any CPU.ActiveCfg = Release|Any CPU
		{9E80A30A-62BE-4FAE-99BE-D714E8CE7BF8}.Release|Any CPU.Build.0 = Release|Any CPU
		{5383A982-160C-4D41-96E2-039A2EBB5D36}.Debug|Any CPU.ActiveCfg = Debug|Any CPU
		{5383A982-160C-4D41-96E2-039A2EBB5D36}.Debug|Any CPU.Build.0 = Debug|Any CPU
		{5383A982-160C-4D41-96E2-039A2EBB5D36}.Release|Any CPU.ActiveCfg = Release|Any CPU
		{5383A982-160C-4D41-96E2-039A2EBB5D36}.Release|Any CPU.Build.0 = Release|Any CPU
		{E7553E42-100D-4391-8EB0-6A414EB56A4F}.Debug|Any CPU.ActiveCfg = Debug|Any CPU
		{E7553E42-100D-4391-8EB0-6A414EB56A4F}.Debug|Any CPU.Build.0 = Debug|Any CPU
		{E7553E42-100D-4391-8EB0-6A414EB56A4F}.Release|Any CPU.ActiveCfg = Release|Any CPU
		{E7553E42-100D-4391-8EB0-6A414EB56A4F}.Release|Any CPU.Build.0 = Release|Any CPU
	EndGlobalSection
	GlobalSection(SolutionProperties) = preSolution
		HideSolutionNode = FALSE
	EndGlobalSection
EndGlobal
